
Microsoft Visual Studio Solution File, Format Version 12.00
# Visual Studio Version 17
VisualStudioVersion = 17.1.32210.238
MinimumVisualStudioVersion = 10.0.40219.1
Project("{9A19103F-16F7-4668-BE54-9A1E7A4F7556}") = "Yuduan.Redis", "src\Yuduan.Redis.csproj", "{313A4CB0-7372-4F17-91ED-A2C9192AFA12}"
EndProject
Global
	GlobalSection(SolutionConfigurationPlatforms) = preSolution
		Debug|Any CPU = Debug|Any CPU
		Release|Any CPU = Release|Any CPU
	EndGlobalSection
	GlobalSection(ProjectConfigurationPlatforms) = postSolution
		{313A4CB0-7372-4F17-91ED-A2C9192AFA12}.Debug|Any CPU.ActiveCfg = Debug|Any CPU
		{313A4CB0-7372-4F17-91ED-A2C9192AFA12}.Debug|Any CPU.Build.0 = Debug|Any CPU
		{313A4CB0-7372-4F17-91ED-A2C9192AFA12}.Release|Any CPU.ActiveCfg = Release|Any CPU
		{313A4CB0-7372-4F17-91ED-A2C9192AFA12}.Release|Any CPU.Build.0 = Release|Any CPU
	EndGlobalSection
	GlobalSection(SolutionProperties) = preSolution
		HideSolutionNode = FALSE
	EndGlobalSection
	GlobalSection(ExtensibilityGlobals) = postSolution
		SolutionGuid = {0CE411EC-4C22-4865-8BE5-27F1EB573383}
	EndGlobalSection
EndGlobal
